<?xml version="1.0" encoding="utf-8"?>
<Project ToolsVersion="4.0" xmlns="http://schemas.microsoft.com/developer/msbuild/2003">
  <ItemGroup>
    <Filter Include="Source Files">
      <UniqueIdentifier>{4FC737F1-C7A5-4376-A066-2A32D752A2FF}</UniqueIdentifier>
      <Extensions>cpp;c;cc;cxx;def;odl;idl;hpj;bat;asm;asmx</Extensions>
    </Filter>
    <Filter Include="Header Files">
      <UniqueIdentifier>{93995380-89BD-4b04-88EB-625FBE52EBFB}</UniqueIdentifier>
      <Extensions>h;hh;hpp;hxx;hm;inl;inc;xsd</Extensions>
    </Filter>
    <Filter Include="Resource Files">
      <UniqueIdentifier>{D9D6E242-F8AF-46E4-B9FD-80ECBC20BA3E}</UniqueIdentifier>
      <Extensions>qrc;*</Extensions>
      <ParseFiles>false</ParseFiles>
    </Filter>
    <Filter Include="Form Files">
      <UniqueIdentifier>{99349809-55BA-4b9d-BF79-8FDBB0286EB3}</UniqueIdentifier>
      <Extensions>ui</Extensions>
    </Filter>
    <Filter Include="Resource Files">
      <UniqueIdentifier>{D9D6E242-F8AF-46E4-B9FD-80ECBC20BA3E}</UniqueIdentifier>
      <Extensions>qrc;*</Extensions>
      <ParseFiles>false</ParseFiles>
    </Filter>
    <Filter Include="Generated Files">
      <UniqueIdentifier>{71ED8ED8-ACB9-4CE9-BBE1-E00B30144E11}</UniqueIdentifier>
      <Extensions>moc;h;cpp</Extensions>
      <SourceControlFiles>False</SourceControlFiles>
    </Filter>
    <Filter Include="CudaV2">
      <UniqueIdentifier>{05d8cebe-471a-42e8-a780-fef2c5bb3c40}</UniqueIdentifier>
    </Filter>
    <Filter Include="Header Files\RawDataManager">
      <UniqueIdentifier>{372522d4-233a-4895-bf60-8de32646a060}</UniqueIdentifier>
    </Filter>
    <Filter Include="Source Files\RawDataManager">
      <UniqueIdentifier>{03506854-bca5-4290-b2e9-4bf260ca1bc9}</UniqueIdentifier>
    </Filter>
    <Filter Include="Header Files\Display">
      <UniqueIdentifier>{35bea49c-4545-45ee-916c-7bee95959b4f}</UniqueIdentifier>
    </Filter>
    <Filter Include="Source Files\Display">
      <UniqueIdentifier>{c904cca0-862f-4a0f-af68-b4c19cc6d3d3}</UniqueIdentifier>
    </Filter>
    <Filter Include="Shaders">
      <UniqueIdentifier>{a1717c30-e224-46f6-8186-85e8d6f976d7}</UniqueIdentifier>
    </Filter>
  </ItemGroup>
  <ItemGroup>
    <ClCompile Include="DentistProjectV2.cpp">
      <Filter>Source Files</Filter>
    </ClCompile>
    <ClCompile Include="CudaV2\EigenUtility.cpp">
      <Filter>CudaV2</Filter>
    </ClCompile>
    <ClCompile Include="BluetoothManager.cpp">
      <Filter>Source Files\RawDataManager</Filter>
    </ClCompile>
    <ClCompile Include="DataManager.cpp">
      <Filter>Source Files\RawDataManager</Filter>
    </ClCompile>
    <ClCompile Include="PointCloudInfo.cpp">
      <Filter>Source Files\RawDataManager</Filter>
    </ClCompile>
    <ClCompile Include="RawDataManager.cpp">
      <Filter>Source Files\RawDataManager</Filter>
    </ClCompile>
    <ClCompile Include="OpenGLWidget.cpp">
      <Filter>Source Files\Display</Filter>
    </ClCompile>
    <ClCompile Include="Main.cpp">
      <Filter>Source Files</Filter>
    </ClCompile>
    <ClCompile Include="ScanningWorkerThread.cpp">
      <Filter>Source Files\RawDataManager</Filter>
    </ClCompile>
  </ItemGroup>
  <ItemGroup>
    <QtMoc Include="DentistProjectV2.h">
      <Filter>Header Files</Filter>
    </QtMoc>
  </ItemGroup>
  <ItemGroup>
    <QtUic Include="DentistProjectV2.ui">
      <Filter>Form Files</Filter>
    </QtUic>
  </ItemGroup>
  <ItemGroup>
    <QtRcc Include="DentistProjectV2.qrc">
      <Filter>Resource Files</Filter>
    </QtRcc>
  </ItemGroup>
  <ItemGroup>
    <ClInclude Include="CudaV2\EigenUtility.h">
      <Filter>CudaV2</Filter>
    </ClInclude>
    <ClInclude Include="GlobalDefine.h">
      <Filter>Header Files</Filter>
    </ClInclude>
    <ClInclude Include="BluetoothManager.h">
      <Filter>Header Files\RawDataManager</Filter>
    </ClInclude>
    <ClInclude Include="DataManager.h">
      <Filter>Header Files\RawDataManager</Filter>
    </ClInclude>
    <ClInclude Include="PointCloudInfo.h">
      <Filter>Header Files\RawDataManager</Filter>
    </ClInclude>
    <ClInclude Include="RawDataManager.h">
      <Filter>Header Files\RawDataManager</Filter>
    </ClInclude>
    <ClInclude Include="OpenGLWidget.h">
      <Filter>Header Files\Display</Filter>
    </ClInclude>
    <ClInclude Include="CudaV2\TRCudaV2.cuh">
      <Filter>CudaV2</Filter>
    </ClInclude>
    <ClInclude Include="ScanningWorkerThread.h">
      <Filter>Header Files\RawDataManager</Filter>
    </ClInclude>
  </ItemGroup>
  <ItemGroup>
    <CudaCompile Include="CudaV2\TRCudaV2.cu">
      <Filter>CudaV2</Filter>
    </CudaCompile>
  </ItemGroup>
  <ItemGroup>
    <None Include="..\x64\Release\DentistProjectV2\Shaders\DrawGound.vert">
      <Filter>Shaders</Filter>
    </None>
    <None Include="..\x64\Release\DentistProjectV2\Shaders\DrawGound.frag">
      <Filter>Shaders</Filter>
    </None>
  </ItemGroup>
</Project>