<?xml version="1.0" encoding="utf-8"?>
<Project ToolsVersion="4.0" xmlns="http://schemas.microsoft.com/developer/msbuild/2003">
  <ItemGroup>
    <Filter Include="Source Files">
      <UniqueIdentifier>{4FC737F1-C7A5-4376-A066-2A32D752A2FF}</UniqueIdentifier>
      <Extensions>cpp;c;cc;cxx;def;odl;idl;hpj;bat;asm;asmx</Extensions>
    </Filter>
    <Filter Include="Header Files">
      <UniqueIdentifier>{93995380-89BD-4b04-88EB-625FBE52EBFB}</UniqueIdentifier>
      <Extensions>h;hh;hpp;hxx;hm;inl;inc;xsd</Extensions>
    </Filter>
    <Filter Include="Resource Files">
      <UniqueIdentifier>{D9D6E242-F8AF-46E4-B9FD-80ECBC20BA3E}</UniqueIdentifier>
      <Extensions>qrc;*</Extensions>
      <ParseFiles>false</ParseFiles>
    </Filter>
    <Filter Include="Form Files">
      <UniqueIdentifier>{99349809-55BA-4b9d-BF79-8FDBB0286EB3}</UniqueIdentifier>
      <Extensions>ui</Extensions>
    </Filter>
    <Filter Include="Resource Files">
      <UniqueIdentifier>{D9D6E242-F8AF-46E4-B9FD-80ECBC20BA3E}</UniqueIdentifier>
      <Extensions>qrc;*</Extensions>
      <ParseFiles>false</ParseFiles>
    </Filter>
    <Filter Include="Generated Files">
      <UniqueIdentifier>{71ED8ED8-ACB9-4CE9-BBE1-E00B30144E11}</UniqueIdentifier>
      <Extensions>moc;h;cpp</Extensions>
      <SourceControlFiles>False</SourceControlFiles>
    </Filter>
    <Filter Include="Header Files\Display">
      <UniqueIdentifier>{ca778ec5-85ff-46fc-b64d-c44c650e662e}</UniqueIdentifier>
    </Filter>
    <Filter Include="Source Files\Display">
      <UniqueIdentifier>{840fb04a-3a77-48cf-b009-cc889b6ed85f}</UniqueIdentifier>
    </Filter>
    <Filter Include="Shaders">
      <UniqueIdentifier>{da6e06c5-f0ed-4081-896f-719b8a8dc7e9}</UniqueIdentifier>
    </Filter>
    <Filter Include="Shaders\Plane">
      <UniqueIdentifier>{4577fa0f-e993-4735-860d-994d7142cae3}</UniqueIdentifier>
    </Filter>
    <Filter Include="Header Files\Thin Algorithm">
      <UniqueIdentifier>{70e4bbe3-da94-409d-a525-f1c4e6996fec}</UniqueIdentifier>
    </Filter>
    <Filter Include="Source Files\Thin Algorithm">
      <UniqueIdentifier>{f39fc727-e14e-487a-accb-0d5e8c156a16}</UniqueIdentifier>
    </Filter>
    <Filter Include="Source Files\Calibration">
      <UniqueIdentifier>{441bc684-904e-4b3a-90f7-dcd8ee7a7d59}</UniqueIdentifier>
    </Filter>
    <Filter Include="Header Files\Calibration">
      <UniqueIdentifier>{30e533b0-59b2-4914-8b86-17487f3b9555}</UniqueIdentifier>
    </Filter>
    <Filter Include="Header Files\RawDataManager">
      <UniqueIdentifier>{a2f9c328-891c-437f-8b0d-55aa6af8022e}</UniqueIdentifier>
    </Filter>
    <Filter Include="Source Files\RawDataManager">
      <UniqueIdentifier>{29afa772-331c-49f9-8636-74da7bb6cfc5}</UniqueIdentifier>
    </Filter>
    <Filter Include="CudaV2">
      <UniqueIdentifier>{bd09fd1f-7329-4e6a-b73b-e96e006f4ea1}</UniqueIdentifier>
    </Filter>
  </ItemGroup>
  <ItemGroup>
    <ClCompile Include="main.cpp">
      <Filter>Source Files</Filter>
    </ClCompile>
    <ClCompile Include="DentistDNNDemo.cpp">
      <Filter>Source Files</Filter>
    </ClCompile>
    <ClCompile Include="OpenGLWidget.cpp">
      <Filter>Source Files\Display</Filter>
    </ClCompile>
    <ClCompile Include="zhangsuen.cpp">
      <Filter>Source Files\Thin Algorithm</Filter>
    </ClCompile>
    <ClCompile Include="PythonModule.cpp">
      <Filter>Source Files\Calibration</Filter>
    </ClCompile>
    <ClCompile Include="CalibrationUtility.cpp">
      <Filter>Source Files\Calibration</Filter>
    </ClCompile>
    <ClCompile Include="RawDataManager.cpp">
      <Filter>Source Files\RawDataManager</Filter>
    </ClCompile>
    <ClCompile Include="DataManager.cpp">
      <Filter>Source Files\RawDataManager</Filter>
    </ClCompile>
    <ClCompile Include="CudaV2\EigenUtility.cpp">
      <Filter>CudaV2</Filter>
    </ClCompile>
    <ClCompile Include="PredictWidget.cpp">
      <Filter>Source Files\Display</Filter>
    </ClCompile>
  </ItemGroup>
  <ItemGroup>
    <QtUic Include="DentistDNNDemo.ui">
      <Filter>Form Files</Filter>
    </QtUic>
  </ItemGroup>
  <ItemGroup>
    <QtRcc Include="DentistDNNDemo.qrc">
      <Filter>Resource Files</Filter>
    </QtRcc>
  </ItemGroup>
  <ItemGroup>
    <ClInclude Include="OpenGLWidget.h">
      <Filter>Header Files\Display</Filter>
    </ClInclude>
    <ClInclude Include="zhangsuen.h">
      <Filter>Header Files\Thin Algorithm</Filter>
    </ClInclude>
    <ClInclude Include="PythonModule.h">
      <Filter>Header Files\Calibration</Filter>
    </ClInclude>
    <ClInclude Include="CalibrationUtility.h">
      <Filter>Header Files\Calibration</Filter>
    </ClInclude>
    <ClInclude Include="RawDataManager.h">
      <Filter>Header Files\RawDataManager</Filter>
    </ClInclude>
    <ClInclude Include="DataManager.h">
      <Filter>Header Files\RawDataManager</Filter>
    </ClInclude>
    <ClInclude Include="CudaV2\EigenUtility.h">
      <Filter>CudaV2</Filter>
    </ClInclude>
    <ClInclude Include="CudaV2\TRCudaV2.cuh">
      <Filter>CudaV2</Filter>
    </ClInclude>
    <ClInclude Include="CudaV2\UtilityTools.cuh">
      <Filter>CudaV2</Filter>
    </ClInclude>
    <ClInclude Include="GlobalDefine.h">
      <Filter>Header Files</Filter>
    </ClInclude>
    <ClInclude Include="PredictWidget.h">
      <Filter>Header Files\Display</Filter>
    </ClInclude>
  </ItemGroup>
  <ItemGroup>
    <None Include="..\x64\Release\DentistDNNDemo\Shaders\Plane.fsh">
      <Filter>Shaders\Plane</Filter>
    </None>
    <None Include="..\x64\Release\DentistDNNDemo\Shaders\Plane.vsh">
      <Filter>Shaders\Plane</Filter>
    </None>
  </ItemGroup>
  <ItemGroup>
    <QtMoc Include="DentistDNNDemo.h">
      <Filter>Header Files</Filter>
    </QtMoc>
  </ItemGroup>
  <ItemGroup>
    <CudaCompile Include="CudaV2\TRCudaV2.cu">
      <Filter>CudaV2</Filter>
    </CudaCompile>
    <CudaCompile Include="CudaV2\UtilityTools.cu">
      <Filter>CudaV2</Filter>
    </CudaCompile>
  </ItemGroup>
</Project>