<?xml version="1.0" encoding="utf-8"?>
<Project ToolsVersion="4.0" xmlns="http://schemas.microsoft.com/developer/msbuild/2003">
  <ItemGroup>
    <Filter Include="Source Files">
      <UniqueIdentifier>{4FC737F1-C7A5-4376-A066-2A32D752A2FF}</UniqueIdentifier>
      <Extensions>cpp;c;cc;cxx;def;odl;idl;hpj;bat;asm;asmx</Extensions>
    </Filter>
    <Filter Include="Header Files">
      <UniqueIdentifier>{93995380-89BD-4b04-88EB-625FBE52EBFB}</UniqueIdentifier>
      <Extensions>h;hh;hpp;hxx;hm;inl;inc;xsd</Extensions>
    </Filter>
    <Filter Include="Resource Files">
      <UniqueIdentifier>{D9D6E242-F8AF-46E4-B9FD-80ECBC20BA3E}</UniqueIdentifier>
      <Extensions>qrc;*</Extensions>
      <ParseFiles>false</ParseFiles>
    </Filter>
    <Filter Include="Form Files">
      <UniqueIdentifier>{99349809-55BA-4b9d-BF79-8FDBB0286EB3}</UniqueIdentifier>
      <Extensions>ui</Extensions>
    </Filter>
    <Filter Include="Resource Files">
      <UniqueIdentifier>{D9D6E242-F8AF-46E4-B9FD-80ECBC20BA3E}</UniqueIdentifier>
      <Extensions>qrc;*</Extensions>
      <ParseFiles>false</ParseFiles>
    </Filter>
    <Filter Include="Generated Files">
      <UniqueIdentifier>{71ED8ED8-ACB9-4CE9-BBE1-E00B30144E11}</UniqueIdentifier>
      <Extensions>moc;h;cpp</Extensions>
      <SourceControlFiles>False</SourceControlFiles>
    </Filter>
    <Filter Include="Source Files\Display">
      <UniqueIdentifier>{432bf2b2-ed5e-426d-8f7a-59cc4c47027f}</UniqueIdentifier>
    </Filter>
    <Filter Include="Header Files\Display">
      <UniqueIdentifier>{6d0bacbd-37b9-47a5-918b-117197976385}</UniqueIdentifier>
    </Filter>
    <Filter Include="Header Files\RawDataManger">
      <UniqueIdentifier>{e2dd3fe8-35dc-4301-ba16-b3c0d37f0b71}</UniqueIdentifier>
    </Filter>
    <Filter Include="Source Files\RawDataManager">
      <UniqueIdentifier>{6e056c52-db8f-4553-8529-cdebdb4de1f0}</UniqueIdentifier>
    </Filter>
    <Filter Include="Cuda">
      <UniqueIdentifier>{190c0b00-8144-4525-a081-7adbf543a916}</UniqueIdentifier>
    </Filter>
    <Filter Include="Shaders">
      <UniqueIdentifier>{695d24c1-5dc5-4176-9c95-9842a19d59a9}</UniqueIdentifier>
    </Filter>
    <Filter Include="Header Files\SegNet Model">
      <UniqueIdentifier>{d917be3c-1ea6-4672-9655-20f127dd79d3}</UniqueIdentifier>
    </Filter>
    <Filter Include="Source Files\SegNet">
      <UniqueIdentifier>{b7539f38-f167-4a76-af6c-27fec25a070a}</UniqueIdentifier>
    </Filter>
  </ItemGroup>
  <ItemGroup>
    <ClCompile Include="DentistProject.cpp">
      <Filter>Source Files</Filter>
    </ClCompile>
    <ClCompile Include="OpenGLWidget.cpp">
      <Filter>Source Files\Display</Filter>
    </ClCompile>
    <ClCompile Include="RawDataManager.cpp">
      <Filter>Source Files\RawDataManager</Filter>
    </ClCompile>
    <ClCompile Include="DataManager.cpp">
      <Filter>Source Files\RawDataManager</Filter>
    </ClCompile>
    <ClCompile Include="BluetoothManager.cpp">
      <Filter>Source Files\RawDataManager</Filter>
    </ClCompile>
    <ClCompile Include="SegNetModel.cpp">
      <Filter>Source Files\SegNet</Filter>
    </ClCompile>
    <ClCompile Include="Main.cpp">
      <Filter>Source Files</Filter>
    </ClCompile>
    <ClCompile Include="PointCloudInfo.cpp">
      <Filter>Source Files\RawDataManager</Filter>
    </ClCompile>
  </ItemGroup>
  <ItemGroup>
    <QtMoc Include="DentistProject.h">
      <Filter>Header Files</Filter>
    </QtMoc>
  </ItemGroup>
  <ItemGroup>
    <QtUic Include="DentistProject.ui">
      <Filter>Form Files</Filter>
    </QtUic>
  </ItemGroup>
  <ItemGroup>
    <QtRcc Include="DentistProject.qrc">
      <Filter>Resource Files</Filter>
    </QtRcc>
  </ItemGroup>
  <ItemGroup>
    <ClInclude Include="OpenGLWidget.h">
      <Filter>Header Files\Display</Filter>
    </ClInclude>
    <ClInclude Include="RawDataManager.h">
      <Filter>Header Files\RawDataManger</Filter>
    </ClInclude>
    <ClInclude Include="TRcuda.cuh">
      <Filter>Cuda</Filter>
    </ClInclude>
    <ClInclude Include="DataManager.h">
      <Filter>Header Files\RawDataManger</Filter>
    </ClInclude>
    <ClInclude Include="GlobalDefine.h">
      <Filter>Header Files</Filter>
    </ClInclude>
    <ClInclude Include="BluetoothManager.h">
      <Filter>Header Files\RawDataManger</Filter>
    </ClInclude>
    <ClInclude Include="SegNetModel.h">
      <Filter>Header Files\SegNet Model</Filter>
    </ClInclude>
    <ClInclude Include="CudaBorder.cuh">
      <Filter>Cuda</Filter>
    </ClInclude>
    <ClInclude Include="PointCloudInfo.h">
      <Filter>Header Files\RawDataManger</Filter>
    </ClInclude>
  </ItemGroup>
  <ItemGroup>
    <CudaCompile Include="TRcuda.cu">
      <Filter>Cuda</Filter>
    </CudaCompile>
    <CudaCompile Include="CudaBorder.cu">
      <Filter>Cuda</Filter>
    </CudaCompile>
  </ItemGroup>
  <ItemGroup>
    <None Include="..\x64\Release\DentistProject\Shaders\Model.frag">
      <Filter>Shaders</Filter>
    </None>
    <None Include="..\x64\Release\DentistProject\Shaders\Model.vert">
      <Filter>Shaders</Filter>
    </None>
  </ItemGroup>
</Project>